{
  "name": "bird-nest",
  "lockfileVersion": 2,
  "requires": true,
  "packages": {
    "": {
      "dependencies": {
        "react-native-dotenv": "^3.3.1"
      }
    },
    "node_modules/dotenv": {
      "version": "10.0.0",
      "resolved": "https://registry.npmjs.org/dotenv/-/dotenv-10.0.0.tgz",
      "integrity": "sha512-rlBi9d8jpv9Sf1klPjNfFAuWDjKLwTIJJ/VxtoTwIR6hnZxcEOQCZg2oIL3MWBYw5GpUDKOEnND7LXTbIpQ03Q==",
      "engines": {
        "node": ">=10"
      }
    },
    "node_modules/react-native-dotenv": {
      "version": "3.3.1",
      "resolved": "https://registry.npmjs.org/react-native-dotenv/-/react-native-dotenv-3.3.1.tgz",
      "integrity": "sha512-gAKXout1XCwCqJ3QPGoQAF2eRzOHgOnwg3x19z+ssow8bDIksJeKBqvoHDyGziVilAIP1J0bEC9Jf+VF8nFang==",
      "dependencies": {
        "dotenv": "^10.0.0"
      }
    }
  },
  "dependencies": {
    "dotenv": {
      "version": "10.0.0",
      "resolved": "https://registry.npmjs.org/dotenv/-/dotenv-10.0.0.tgz",
      "integrity": "sha512-rlBi9d8jpv9Sf1klPjNfFAuWDjKLwTIJJ/VxtoTwIR6hnZxcEOQCZg2oIL3MWBYw5GpUDKOEnND7LXTbIpQ03Q=="
    },
    "react-native-dotenv": {
      "version": "3.3.1",
      "resolved": "https://registry.npmjs.org/react-native-dotenv/-/react-native-dotenv-3.3.1.tgz",
      "integrity": "sha512-gAKXout1XCwCqJ3QPGoQAF2eRzOHgOnwg3x19z+ssow8bDIksJeKBqvoHDyGziVilAIP1J0bEC9Jf+VF8nFang==",
      "requires": {
        "dotenv": "^10.0.0"
      }
    }
  }
}
